{
  "name": "eterna_travel_co",
  "lockfileVersion": 3,
  "requires": true,
  "packages": {
    "": {
      "dependencies": {
        "@fortawesome/angular-fontawesome": "^3.0.0",
        "@fortawesome/free-solid-svg-icons": "^7.0.0"
      }
    },
    "node_modules/@angular/core": {
      "version": "20.2.2",
      "resolved": "https://registry.npmjs.org/@angular/core/-/core-20.2.2.tgz",
      "integrity": "sha512-FZFVh2pI4mI7rr8tTVfrC2c1yOjgTrZy3BFaLSTArS4TgNxy30fLKQ9w3JkuxfllDSckPLyft/EaKcW1pxgHAw==",
      "peer": true,
      "dependencies": {
        "tslib": "^2.3.0"
      },
      "engines": {
        "node": "^20.19.0 || ^22.12.0 || >=24.0.0"
      },
      "peerDependencies": {
        "@angular/compiler": "20.2.2",
        "rxjs": "^6.5.3 || ^7.4.0",
        "zone.js": "~0.15.0"
      },
      "peerDependenciesMeta": {
        "@angular/compiler": {
          "optional": true
        },
        "zone.js": {
          "optional": true
        }
      }
    },
    "node_modules/@fortawesome/angular-fontawesome": {
      "version": "3.0.0",
      "resolved": "https://registry.npmjs.org/@fortawesome/angular-fontawesome/-/angular-fontawesome-3.0.0.tgz",
      "integrity": "sha512-+8Dd6DoJnqArfrZ5NvjHyRL64IIkTigXclbOOcFdYQ8/WFERQUDaEU6SAV8Q0JBpJhMS1McED7YCOCAE6SIVyA==",
      "dependencies": {
        "@fortawesome/fontawesome-svg-core": "^7.0.0",
        "tslib": "^2.8.1"
      },
      "peerDependencies": {
        "@angular/core": "^20.0.0"
      }
    },
    "node_modules/@fortawesome/fontawesome-common-types": {
      "version": "7.0.0",
      "resolved": "https://registry.npmjs.org/@fortawesome/fontawesome-common-types/-/fontawesome-common-types-7.0.0.tgz",
      "integrity": "sha512-PGMrIYXLGA5K8RWy8zwBkd4vFi4z7ubxtet6Yn13Plf6krRTwPbdlCwlcfmoX0R7B4Z643QvrtHmdQ5fNtfFCg==",
      "engines": {
        "node": ">=6"
      }
    },
    "node_modules/@fortawesome/fontawesome-svg-core": {
      "version": "7.0.0",
      "resolved": "https://registry.npmjs.org/@fortawesome/fontawesome-svg-core/-/fontawesome-svg-core-7.0.0.tgz",
      "integrity": "sha512-obBEF+zd98r/KtKVW6A+8UGWeaOoyMpl6Q9P3FzHsOnsg742aXsl8v+H/zp09qSSu/a/Hxe9LNKzbBaQq1CEbA==",
      "dependencies": {
        "@fortawesome/fontawesome-common-types": "7.0.0"
      },
      "engines": {
        "node": ">=6"
      }
    },
    "node_modules/@fortawesome/free-solid-svg-icons": {
      "version": "7.0.0",
      "resolved": "https://registry.npmjs.org/@fortawesome/free-solid-svg-icons/-/free-solid-svg-icons-7.0.0.tgz",
      "integrity": "sha512-njSLAllkOddYDCXgTFboXn54Oe5FcvpkWq+FoetOHR64PbN0608kM02Lze0xtISGpXgP+i26VyXRQA0Irh3Obw==",
      "dependencies": {
        "@fortawesome/fontawesome-common-types": "7.0.0"
      },
      "engines": {
        "node": ">=6"
      }
    },
    "node_modules/rxjs": {
      "version": "7.8.2",
      "resolved": "https://registry.npmjs.org/rxjs/-/rxjs-7.8.2.tgz",
      "integrity": "sha512-dhKf903U/PQZY6boNNtAGdWbG85WAbjT/1xYoZIC7FAY0yWapOBQVsVrDl58W86//e1VpMNBtRV4MaXfdMySFA==",
      "peer": true,
      "dependencies": {
        "tslib": "^2.1.0"
      }
    },
    "node_modules/tslib": {
      "version": "2.8.1",
      "resolved": "https://registry.npmjs.org/tslib/-/tslib-2.8.1.tgz",
      "integrity": "sha512-oJFu94HQb+KVduSUQL7wnpmqnfmLsOA/nAh6b6EH0wCEoK0/mPeXU6c3wKDV83MkOuHPRHtSXKKU99IBazS/2w=="
    }
  }
}
